
Microsoft Visual Studio Solution File, Format Version 12.00
# Visual Studio Version 16
VisualStudioVersion = 16.0.30204.135
MinimumVisualStudioVersion = 10.0.40219.1
Project("{FAE04EC0-301F-11D3-BF4B-00C04F79EFBC}") = "WindowsFormsApp1", "WindowsFormsApp1\WindowsFormsApp1.csproj", "{2E197691-5A77-43A1-A7E1-FE12DE65CD16}"
EndProject
Global
	GlobalSection(SolutionConfigurationPlatforms) = preSolution
		Debug|Any CPU = Debug|Any CPU
		Release|Any CPU = Release|Any CPU
	EndGlobalSection
	GlobalSection(ProjectConfigurationPlatforms) = postSolution
		{2E197691-5A77-43A1-A7E1-FE12DE65CD16}.Debug|Any CPU.ActiveCfg = Debug|Any CPU
		{2E197691-5A77-43A1-A7E1-FE12DE65CD16}.Debug|Any CPU.Build.0 = Debug|Any CPU
		{2E197691-5A77-43A1-A7E1-FE12DE65CD16}.Release|Any CPU.ActiveCfg = Release|Any CPU
		{2E197691-5A77-43A1-A7E1-FE12DE65CD16}.Release|Any CPU.Build.0 = Release|Any CPU
	EndGlobalSection
	GlobalSection(SolutionProperties) = preSolution
		HideSolutionNode = FALSE
	EndGlobalSection
	GlobalSection(ExtensibilityGlobals) = postSolution
		SolutionGuid = {FCC8BB8D-294F-473D-A6D1-AA3E26DE03C6}
	EndGlobalSection
EndGlobal
